PODS:
  - FBSnapshotTestCase (2.1.4):
    - FBSnapshotTestCase/SwiftSupport (= 2.1.4)
  - FBSnapshotTestCase/Core (2.1.4)
  - FBSnapshotTestCase/SwiftSupport (2.1.4):
    - FBSnapshotTestCase/Core
  - TRULogining (0.1.0):
    - TRUNetworking
  - TRUNetworking (0.1.0)

DEPENDENCIES:
  - FBSnapshotTestCase
  - TRULogining (from `../`)
  - TRUNetworking (from `../../TRUNetworking`)

SPEC REPOS:
  trunk:
    - FBSnapshotTestCase

EXTERNAL SOURCES:
  TRULogining:
    :path: "../"
  TRUNetworking:
    :path: "../../TRUNetworking"

SPEC CHECKSUMS:
  FBSnapshotTestCase: 094f9f314decbabe373b87cc339bea235a63e07a
  TRULogining: 0a3ed3ee8e8b4a11655e621f53b5778377156546
  TRUNetworking: 53ecdec1c32b563212b9d4f8b9608231d6601115

PODFILE CHECKSUM: 29e88d168a5fe4c9be6f1f072156ef5fb2bd892b

COCOAPODS: 1.10.1
